// !$*UTF8*$!
{
	archiveVersion = 1;
	classes = {
	};
	objectVersion = 77;
	objects = {

/* Begin PBXContainerItemProxy section */
		A3A42DB72DC4DCBF0022130E /* PBXContainerItemProxy */ = {
			isa = PBXContainerItemProxy;
			containerPortal = A3A42DA12DC4DCBE0022130E /* Project object */;
			proxyType = 1;
			remoteGlobalIDString = A3A42DA82DC4DCBE0022130E;
			remoteInfo = NewsFlash;
		};
		A3A42DC12DC4DCBF0022130E /* PBXContainerItemProxy */ = {
			isa = PBXContainerItemProxy;
			containerPortal = A3A42DA12DC4DCBE0022130E /* Project object */;
			proxyType = 1;
			remoteGlobalIDString = A3A42DA82DC4DCBE0022130E;
			remoteInfo = NewsFlash;
		};
/* End PBXContainerItemProxy section */

/* Begin PBXFileReference section */
		A3A42DA92DC4DCBE0022130E /* NewsFlash.app */ = {isa = PBXFileReference; explicitFileType = wrapper.application; includeInIndex = 0; path = NewsFlash.app; sourceTree = BUILT_PRODUCTS_DIR; };
		A3A42DB62DC4DCBF0022130E /* NewsFlashTests.xctest */ = {isa = PBXFileReference; explicitFileType = wrapper.cfbundle; includeInIndex = 0; path = NewsFlashTests.xctest; sourceTree = BUILT_PRODUCTS_DIR; };
		A3A42DC02DC4DCBF0022130E /* NewsFlashUITests.xctest */ = {isa = PBXFileReference; explicitFileType = wrapper.cfbundle; includeInIndex = 0; path = NewsFlashUITests.xctest; sourceTree = BUILT_PRODUCTS_DIR; };
/* End PBXFileReference section */

/* Begin PBXFileSystemSynchronizedRootGroup section */
		A3A42DAB2DC4DCBE0022130E /* NewsFlash */ = {
			isa = PBXFileSystemSynchronizedRootGroup;
			path = NewsFlash;
			sourceTree = "<group>";
		};
		A3A42DB92DC4DCBF0022130E /* NewsFlashTests */ = {
			isa = PBXFileSystemSynchronizedRootGroup;
			path = NewsFlashTests;
			sourceTree = "<group>";
		};
		A3A42DC32DC4DCBF0022130E /* NewsFlashUITests */ = {
			isa = PBXFileSystemSynchronizedRootGroup;
			path = NewsFlashUITests;
			sourceTree = "<group>";
		};
/* End PBXFileSystemSynchronizedRootGroup section */

/* Begin PBXFrameworksBuildPhase section */
		A3A42DA62DC4DCBE0022130E /* Frameworks */ = {
			isa = PBXFrameworksBuildPhase;
			buildActionMask = 2147483647;
			files = (
			);
			runOnlyForDeploymentPostprocessing = 0;
		};
		A3A42DB32DC4DCBF0022130E /* Frameworks */ = {
			isa = PBXFrameworksBuildPhase;
			buildActionMask = 2147483647;
			files = (
			);
			runOnlyForDeploymentPostprocessing = 0;
		};
		A3A42DBD2DC4DCBF0022130E /* Frameworks */ = {
			isa = PBXFrameworksBuildPhase;
			buildActionMask = 2147483647;
			files = (
			);
			runOnlyForDeploymentPostprocessing = 0;
		};
/* End PBXFrameworksBuildPhase section */

/* Begin PBXGroup section */
		A3A42DA02DC4DCBE0022130E = {
			isa = PBXGroup;
			children = (
				A3A42DAB2DC4DCBE0022130E /* NewsFlash */,
				A3A42DB92DC4DCBF0022130E /* NewsFlashTests */,
				A3A42DC32DC4DCBF0022130E /* NewsFlashUITests */,
				A3A42DAA2DC4DCBE0022130E /* Products */,
			);
			sourceTree = "<group>";
		};
		A3A42DAA2DC4DCBE0022130E /* Products */ = {
			isa = PBXGroup;
			children = (
				A3A42DA92DC4DCBE0022130E /* NewsFlash.app */,
				A3A42DB62DC4DCBF0022130E /* NewsFlashTests.xctest */,
				A3A42DC02DC4DCBF0022130E /* NewsFlashUITests.xctest */,
			);
			name = Products;
			sourceTree = "<group>";
		};
/* End PBXGroup section */

/* Begin PBXNativeTarget section */
		A3A42DA82DC4DCBE0022130E /* NewsFlash */ = {
			isa = PBXNativeTarget;
			buildConfigurationList = A3A42DCA2DC4DCBF0022130E /* Build configuration list for PBXNativeTarget "NewsFlash" */;
			buildPhases = (
				A3A42DA52DC4DCBE0022130E /* Sources */,
				A3A42DA62DC4DCBE0022130E /* Frameworks */,
				A3A42DA72DC4DCBE0022130E /* Resources */,
			);
			buildRules = (
			);
			dependencies = (
			);
			fileSystemSynchronizedGroups = (
				A3A42DAB2DC4DCBE0022130E /* NewsFlash */,
			);
			name = NewsFlash;
			packageProductDependencies = (
			);
			productName = NewsFlash;
			productReference = A3A42DA92DC4DCBE0022130E /* NewsFlash.app */;
			productType = "com.apple.product-type.application";
		};
		A3A42DB52DC4DCBF0022130E /* NewsFlashTests */ = {
			isa = PBXNativeTarget;
			buildConfigurationList = A3A42DCD2DC4DCBF0022130E /* Build configuration list for PBXNativeTarget "NewsFlashTests" */;
			buildPhases = (
				A3A42DB22DC4DCBF0022130E /* Sources */,
				A3A42DB32DC4DCBF0022130E /* Frameworks */,
				A3A42DB42DC4DCBF0022130E /* Resources */,
			);
			buildRules = (
			);
			dependencies = (
				A3A42DB82DC4DCBF0022130E /* PBXTargetDependency */,
			);
			fileSystemSynchronizedGroups = (
				A3A42DB92DC4DCBF0022130E /* NewsFlashTests */,
			);
			name = NewsFlashTests;
			packageProductDependencies = (
			);
			productName = NewsFlashTests;
			productReference = A3A42DB62DC4DCBF0022130E /* NewsFlashTests.xctest */;
			productType = "com.apple.product-type.bundle.unit-test";
		};
		A3A42DBF2DC4DCBF0022130E /* NewsFlashUITests */ = {
			isa = PBXNativeTarget;
			buildConfigurationList = A3A42DD02DC4DCBF0022130E /* Build configuration list for PBXNativeTarget "NewsFlashUITests" */;
			buildPhases = (
				A3A42DBC2DC4DCBF0022130E /* Sources */,
				A3A42DBD2DC4DCBF0022130E /* Frameworks */,
				A3A42DBE2DC4DCBF0022130E /* Resources */,
			);
			buildRules = (
			);
			dependencies = (
				A3A42DC22DC4DCBF0022130E /* PBXTargetDependency */,
			);
			fileSystemSynchronizedGroups = (
				A3A42DC32DC4DCBF0022130E /* NewsFlashUITests */,
			);
			name = NewsFlashUITests;
			packageProductDependencies = (
			);
			productName = NewsFlashUITests;
			productReference = A3A42DC02DC4DCBF0022130E /* NewsFlashUITests.xctest */;
			productType = "com.apple.product-type.bundle.ui-testing";
		};
/* End PBXNativeTarget section */

/* Begin PBXProject section */
		A3A42DA12DC4DCBE0022130E /* Project object */ = {
			isa = PBXProject;
			attributes = {
				BuildIndependentTargetsInParallel = 1;
				LastSwiftUpdateCheck = 1630;
				LastUpgradeCheck = 1630;
				TargetAttributes = {
					A3A42DA82DC4DCBE0022130E = {
						CreatedOnToolsVersion = 16.3;
					};
					A3A42DB52DC4DCBF0022130E = {
						CreatedOnToolsVersion = 16.3;
						TestTargetID = A3A42DA82DC4DCBE0022130E;
					};
					A3A42DBF2DC4DCBF0022130E = {
						CreatedOnToolsVersion = 16.3;
						TestTargetID = A3A42DA82DC4DCBE0022130E;
					};
				};
			};
			buildConfigurationList = A3A42DA42DC4DCBE0022130E /* Build configuration list for PBXProject "NewsFlash" */;
			developmentRegion = en;
			hasScannedForEncodings = 0;
			knownRegions = (
				en,
				Base,
			);
			mainGroup = A3A42DA02DC4DCBE0022130E;
			minimizedProjectReferenceProxies = 1;
			preferredProjectObjectVersion = 77;
			productRefGroup = A3A42DAA2DC4DCBE0022130E /* Products */;
			projectDirPath = "";
			projectRoot = "";
			targets = (
				A3A42DA82DC4DCBE0022130E /* NewsFlash */,
				A3A42DB52DC4DCBF0022130E /* NewsFlashTests */,
				A3A42DBF2DC4DCBF0022130E /* NewsFlashUITests */,
			);
		};
/* End PBXProject section */

/* Begin PBXResourcesBuildPhase section */
		A3A42DA72DC4DCBE0022130E /* Resources */ = {
			isa = PBXResourcesBuildPhase;
			buildActionMask = 2147483647;
			files = (
			);
			runOnlyForDeploymentPostprocessing = 0;
		};
		A3A42DB42DC4DCBF0022130E /* Resources */ = {
			isa = PBXResourcesBuildPhase;
			buildActionMask = 2147483647;
			files = (
			);
			runOnlyForDeploymentPostprocessing = 0;
		};
		A3A42DBE2DC4DCBF0022130E /* Resources */ = {
			isa = PBXResourcesBuildPhase;
			buildActionMask = 2147483647;
			files = (
			);
			runOnlyForDeploymentPostprocessing = 0;
		};
/* End PBXResourcesBuildPhase section */

/* Begin PBXSourcesBuildPhase section */
		A3A42DA52DC4DCBE0022130E /* Sources */ = {
			isa = PBXSourcesBuildPhase;
			buildActionMask = 2147483647;
			files = (
			);
			runOnlyForDeploymentPostprocessing = 0;
		};
		A3A42DB22DC4DCBF0022130E /* Sources */ = {
			isa = PBXSourcesBuildPhase;
			buildActionMask = 2147483647;
			files = (
			);
			runOnlyForDeploymentPostprocessing = 0;
		};
		A3A42DBC2DC4DCBF0022130E /* Sources */ = {
			isa = PBXSourcesBuildPhase;
			buildActionMask = 2147483647;
			files = (
			);
			runOnlyForDeploymentPostprocessing = 0;
		};
/* End PBXSourcesBuildPhase section */

/* Begin PBXTargetDependency section */
		A3A42DB82DC4DCBF0022130E /* PBXTargetDependency */ = {
			isa = PBXTargetDependency;
			target = A3A42DA82DC4DCBE0022130E /* NewsFlash */;
			targetProxy = A3A42DB72DC4DCBF0022130E /* PBXContainerItemProxy */;
		};
		A3A42DC22DC4DCBF0022130E /* PBXTargetDependency */ = {
			isa = PBXTargetDependency;
			target = A3A42DA82DC4DCBE0022130E /* NewsFlash */;
			targetProxy = A3A42DC12DC4DCBF0022130E /* PBXContainerItemProxy */;
		};
/* End PBXTargetDependency section */

/* Begin XCBuildConfiguration section */
		A3A42DC82DC4DCBF0022130E /* Debug */ = {
			isa = XCBuildConfiguration;
			buildSettings = {
				ALWAYS_SEARCH_USER_PATHS = NO;
				ASSETCATALOG_COMPILER_GENERATE_SWIFT_ASSET_SYMBOL_EXTENSIONS = YES;
				CLANG_ANALYZER_NONNULL = YES;
				CLANG_ANALYZER_NUMBER_OBJECT_CONVERSION = YES_AGGRESSIVE;
				CLANG_CXX_LANGUAGE_STANDARD = "gnu++20";
				CLANG_ENABLE_MODULES = YES;
				CLANG_ENABLE_OBJC_ARC = YES;
				CLANG_ENABLE_OBJC_WEAK = YES;
				CLANG_WARN_BLOCK_CAPTURE_AUTORELEASING = YES;
				CLANG_WARN_BOOL_CONVERSION = YES;
				CLANG_WARN_COMMA = YES;
				CLANG_WARN_CONSTANT_CONVERSION = YES;
				CLANG_WARN_DEPRECATED_OBJC_IMPLEMENTATIONS = YES;
				CLANG_WARN_DIRECT_OBJC_ISA_USAGE = YES_ERROR;
				CLANG_WARN_DOCUMENTATION_COMMENTS = YES;
				CLANG_WARN_EMPTY_BODY = YES;
				CLANG_WARN_ENUM_CONVERSION = YES;
				CLANG_WARN_INFINITE_RECURSION = YES;
				CLANG_WARN_INT_CONVERSION = YES;
				CLANG_WARN_NON_LITERAL_NULL_CONVERSION = YES;
				CLANG_WARN_OBJC_IMPLICIT_RETAIN_SELF = YES;
				CLANG_WARN_OBJC_LITERAL_CONVERSION = YES;
				CLANG_WARN_OBJC_ROOT_CLASS = YES_ERROR;
				CLANG_WARN_QUOTED_INCLUDE_IN_FRAMEWORK_HEADER = YES;
				CLANG_WARN_RANGE_LOOP_ANALYSIS = YES;
				CLANG_WARN_STRICT_PROTOTYPES = YES;
				CLANG_WARN_SUSPICIOUS_MOVE = YES;
				CLANG_WARN_UNGUARDED_AVAILABILITY = YES_AGGRESSIVE;
				CLANG_WARN_UNREACHABLE_CODE = YES;
				CLANG_WARN__DUPLICATE_METHOD_MATCH = YES;
				COPY_PHASE_STRIP = NO;
				DEBUG_INFORMATION_FORMAT = dwarf;
				DEVELOPMENT_TEAM = DG4449RVDY;
				ENABLE_STRICT_OBJC_MSGSEND = YES;
				ENABLE_TESTABILITY = YES;
				ENABLE_USER_SCRIPT_SANDBOXING = YES;
				GCC_C_LANGUAGE_STANDARD = gnu17;
				GCC_DYNAMIC_NO_PIC = NO;
				GCC_NO_COMMON_BLOCKS = YES;
				GCC_OPTIMIZATION_LEVEL = 0;
				GCC_PREPROCESSOR_DEFINITIONS = (
					"DEBUG=1",
					"$(inherited)",
				);
				GCC_WARN_64_TO_32_BIT_CONVERSION = YES;
				GCC_WARN_ABOUT_RETURN_TYPE = YES_ERROR;
				GCC_WARN_UNDECLARED_SELECTOR = YES;
				GCC_WARN_UNINITIALIZED_AUTOS = YES_AGGRESSIVE;
				GCC_WARN_UNUSED_FUNCTION = YES;
				GCC_WARN_UNUSED_VARIABLE = YES;
				IPHONEOS_DEPLOYMENT_TARGET = 18.4;
				LOCALIZATION_PREFERS_STRING_CATALOGS = YES;
				MTL_ENABLE_DEBUG_INFO = INCLUDE_SOURCE;
				MTL_FAST_MATH = YES;
				ONLY_ACTIVE_ARCH = YES;
				SDKROOT = iphoneos;
				SWIFT_ACTIVE_COMPILATION_CONDITIONS = "DEBUG $(inherited)";
				SWIFT_OPTIMIZATION_LEVEL = "-Onone";
			};
			name = Debug;
		};
		A3A42DC92DC4DCBF0022130E /* Release */ = {
			isa = XCBuildConfiguration;
			buildSettings = {
				ALWAYS_SEARCH_USER_PATHS = NO;
				ASSETCATALOG_COMPILER_GENERATE_SWIFT_ASSET_SYMBOL_EXTENSIONS = YES;
				CLANG_ANALYZER_NONNULL = YES;
				CLANG_ANALYZER_NUMBER_OBJECT_CONVERSION = YES_AGGRESSIVE;
				CLANG_CXX_LANGUAGE_STANDARD = "gnu++20";
				CLANG_ENABLE_MODULES = YES;
				CLANG_ENABLE_OBJC_ARC = YES;
				CLANG_ENABLE_OBJC_WEAK = YES;
				CLANG_WARN_BLOCK_CAPTURE_AUTORELEASING = YES;
				CLANG_WARN_BOOL_CONVERSION = YES;
				CLANG_WARN_COMMA = YES;
				CLANG_WARN_CONSTANT_CONVERSION = YES;
				CLANG_WARN_DEPRECATED_OBJC_IMPLEMENTATIONS = YES;
				CLANG_WARN_DIRECT_OBJC_ISA_USAGE = YES_ERROR;
				CLANG_WARN_DOCUMENTATION_COMMENTS = YES;
				CLANG_WARN_EMPTY_BODY = YES;
				CLANG_WARN_ENUM_CONVERSION = YES;
				CLANG_WARN_INFINITE_RECURSION = YES;
				CLANG_WARN_INT_CONVERSION = YES;
				CLANG_WARN_NON_LITERAL_NULL_CONVERSION = YES;
				CLANG_WARN_OBJC_IMPLICIT_RETAIN_SELF = YES;
				CLANG_WARN_OBJC_LITERAL_CONVERSION = YES;
				CLANG_WARN_OBJC_ROOT_CLASS = YES_ERROR;
				CLANG_WARN_QUOTED_INCLUDE_IN_FRAMEWORK_HEADER = YES;
				CLANG_WARN_RANGE_LOOP_ANALYSIS = YES;
				CLANG_WARN_STRICT_PROTOTYPES = YES;
				CLANG_WARN_SUSPICIOUS_MOVE = YES;
				CLANG_WARN_UNGUARDED_AVAILABILITY = YES_AGGRESSIVE;
				CLANG_WARN_UNREACHABLE_CODE = YES;
				CLANG_WARN__DUPLICATE_METHOD_MATCH = YES;
				COPY_PHASE_STRIP = NO;
				DEBUG_INFORMATION_FORMAT = "dwarf-with-dsym";
				DEVELOPMENT_TEAM = DG4449RVDY;
				ENABLE_NS_ASSERTIONS = NO;
				ENABLE_STRICT_OBJC_MSGSEND = YES;
				ENABLE_USER_SCRIPT_SANDBOXING = YES;
				GCC_C_LANGUAGE_STANDARD = gnu17;
				GCC_NO_COMMON_BLOCKS = YES;
				GCC_WARN_64_TO_32_BIT_CONVERSION = YES;
				GCC_WARN_ABOUT_RETURN_TYPE = YES_ERROR;
				GCC_WARN_UNDECLARED_SELECTOR = YES;
				GCC_WARN_UNINITIALIZED_AUTOS = YES_AGGRESSIVE;
				GCC_WARN_UNUSED_FUNCTION = YES;
				GCC_WARN_UNUSED_VARIABLE = YES;
				IPHONEOS_DEPLOYMENT_TARGET = 18.4;
				LOCALIZATION_PREFERS_STRING_CATALOGS = YES;
				MTL_ENABLE_DEBUG_INFO = NO;
				MTL_FAST_MATH = YES;
				SDKROOT = iphoneos;
				SWIFT_COMPILATION_MODE = wholemodule;
				VALIDATE_PRODUCT = YES;
			};
			name = Release;
		};
		A3A42DCB2DC4DCBF0022130E /* Debug */ = {
			isa = XCBuildConfiguration;
			buildSettings = {
				ASSETCATALOG_COMPILER_APPICON_NAME = AppIcon;
				ASSETCATALOG_COMPILER_GLOBAL_ACCENT_COLOR_NAME = AccentColor;
				CODE_SIGN_STYLE = Automatic;
				CURRENT_PROJECT_VERSION = 1;
				DEVELOPMENT_TEAM = DG4449RVDY;
				ENABLE_PREVIEWS = YES;
				GENERATE_INFOPLIST_FILE = YES;
				INFOPLIST_KEY_UIApplicationSceneManifest_Generation = YES;
				INFOPLIST_KEY_UIApplicationSupportsIndirectInputEvents = YES;
				INFOPLIST_KEY_UILaunchScreen_Generation = YES;
				INFOPLIST_KEY_UISupportedInterfaceOrientations_iPad = "UIInterfaceOrientationPortrait UIInterfaceOrientationPortraitUpsideDown UIInterfaceOrientationLandscapeLeft UIInterfaceOrientationLandscapeRight";
				INFOPLIST_KEY_UISupportedInterfaceOrientations_iPhone = "UIInterfaceOrientationPortrait UIInterfaceOrientationLandscapeLeft UIInterfaceOrientationLandscapeRight";
				LD_RUNPATH_SEARCH_PATHS = (
					"$(inherited)",
					"@executable_path/Frameworks",
				);
				MARKETING_VERSION = 1.0;
				PRODUCT_BUNDLE_IDENTIFIER = com.gc.NewsFlash;
				PRODUCT_NAME = "$(TARGET_NAME)";
				SWIFT_EMIT_LOC_STRINGS = YES;
				SWIFT_VERSION = 5.0;
				TARGETED_DEVICE_FAMILY = "1,2";
			};
			name = Debug;
		};
		A3A42DCC2DC4DCBF0022130E /* Release */ = {
			isa = XCBuildConfiguration;
			buildSettings = {
				ASSETCATALOG_COMPILER_APPICON_NAME = AppIcon;
				ASSETCATALOG_COMPILER_GLOBAL_ACCENT_COLOR_NAME = AccentColor;
				CODE_SIGN_STYLE = Automatic;
				CURRENT_PROJECT_VERSION = 1;
				DEVELOPMENT_TEAM = DG4449RVDY;
				ENABLE_PREVIEWS = YES;
				GENERATE_INFOPLIST_FILE = YES;
				INFOPLIST_KEY_UIApplicationSceneManifest_Generation = YES;
				INFOPLIST_KEY_UIApplicationSupportsIndirectInputEvents = YES;
				INFOPLIST_KEY_UILaunchScreen_Generation = YES;
				INFOPLIST_KEY_UISupportedInterfaceOrientations_iPad = "UIInterfaceOrientationPortrait UIInterfaceOrientationPortraitUpsideDown UIInterfaceOrientationLandscapeLeft UIInterfaceOrientationLandscapeRight";
				INFOPLIST_KEY_UISupportedInterfaceOrientations_iPhone = "UIInterfaceOrientationPortrait UIInterfaceOrientationLandscapeLeft UIInterfaceOrientationLandscapeRight";
				LD_RUNPATH_SEARCH_PATHS = (
					"$(inherited)",
					"@executable_path/Frameworks",
				);
				MARKETING_VERSION = 1.0;
				PRODUCT_BUNDLE_IDENTIFIER = com.gc.NewsFlash;
				PRODUCT_NAME = "$(TARGET_NAME)";
				SWIFT_EMIT_LOC_STRINGS = YES;
				SWIFT_VERSION = 5.0;
				TARGETED_DEVICE_FAMILY = "1,2";
			};
			name = Release;
		};
		A3A42DCE2DC4DCBF0022130E /* Debug */ = {
			isa = XCBuildConfiguration;
			buildSettings = {
				BUNDLE_LOADER = "$(TEST_HOST)";
				CODE_SIGN_STYLE = Automatic;
				CURRENT_PROJECT_VERSION = 1;
				DEVELOPMENT_TEAM = DG4449RVDY;
				GENERATE_INFOPLIST_FILE = YES;
				IPHONEOS_DEPLOYMENT_TARGET = 18.4;
				MARKETING_VERSION = 1.0;
				PRODUCT_BUNDLE_IDENTIFIER = com.gc.NewsFlashTests;
				PRODUCT_NAME = "$(TARGET_NAME)";
				SWIFT_EMIT_LOC_STRINGS = NO;
				SWIFT_VERSION = 5.0;
				TARGETED_DEVICE_FAMILY = "1,2";
				TEST_HOST = "$(BUILT_PRODUCTS_DIR)/NewsFlash.app/$(BUNDLE_EXECUTABLE_FOLDER_PATH)/NewsFlash";
			};
			name = Debug;
		};
		A3A42DCF2DC4DCBF0022130E /* Release */ = {
			isa = XCBuildConfiguration;
			buildSettings = {
				BUNDLE_LOADER = "$(TEST_HOST)";
				CODE_SIGN_STYLE = Automatic;
				CURRENT_PROJECT_VERSION = 1;
				DEVELOPMENT_TEAM = DG4449RVDY;
				GENERATE_INFOPLIST_FILE = YES;
				IPHONEOS_DEPLOYMENT_TARGET = 18.4;
				MARKETING_VERSION = 1.0;
				PRODUCT_BUNDLE_IDENTIFIER = com.gc.NewsFlashTests;
				PRODUCT_NAME = "$(TARGET_NAME)";
				SWIFT_EMIT_LOC_STRINGS = NO;
				SWIFT_VERSION = 5.0;
				TARGETED_DEVICE_FAMILY = "1,2";
				TEST_HOST = "$(BUILT_PRODUCTS_DIR)/NewsFlash.app/$(BUNDLE_EXECUTABLE_FOLDER_PATH)/NewsFlash";
			};
			name = Release;
		};
		A3A42DD12DC4DCBF0022130E /* Debug */ = {
			isa = XCBuildConfiguration;
			buildSettings = {
				CODE_SIGN_STYLE = Automatic;
				CURRENT_PROJECT_VERSION = 1;
				DEVELOPMENT_TEAM = DG4449RVDY;
				GENERATE_INFOPLIST_FILE = YES;
				MARKETING_VERSION = 1.0;
				PRODUCT_BUNDLE_IDENTIFIER = com.gc.NewsFlashUITests;
				PRODUCT_NAME = "$(TARGET_NAME)";
				SWIFT_EMIT_LOC_STRINGS = NO;
				SWIFT_VERSION = 5.0;
				TARGETED_DEVICE_FAMILY = "1,2";
				TEST_TARGET_NAME = NewsFlash;
			};
			name = Debug;
		};
		A3A42DD22DC4DCBF0022130E /* Release */ = {
			isa = XCBuildConfiguration;
			buildSettings = {
				CODE_SIGN_STYLE = Automatic;
				CURRENT_PROJECT_VERSION = 1;
				DEVELOPMENT_TEAM = DG4449RVDY;
				GENERATE_INFOPLIST_FILE = YES;
				MARKETING_VERSION = 1.0;
				PRODUCT_BUNDLE_IDENTIFIER = com.gc.NewsFlashUITests;
				PRODUCT_NAME = "$(TARGET_NAME)";
				SWIFT_EMIT_LOC_STRINGS = NO;
				SWIFT_VERSION = 5.0;
				TARGETED_DEVICE_FAMILY = "1,2";
				TEST_TARGET_NAME = NewsFlash;
			};
			name = Release;
		};
/* End XCBuildConfiguration section */

/* Begin XCConfigurationList section */
		A3A42DA42DC4DCBE0022130E /* Build configuration list for PBXProject "NewsFlash" */ = {
			isa = XCConfigurationList;
			buildConfigurations = (
				A3A42DC82DC4DCBF0022130E /* Debug */,
				A3A42DC92DC4DCBF0022130E /* Release */,
			);
			defaultConfigurationIsVisible = 0;
			defaultConfigurationName = Release;
		};
		A3A42DCA2DC4DCBF0022130E /* Build configuration list for PBXNativeTarget "NewsFlash" */ = {
			isa = XCConfigurationList;
			buildConfigurations = (
				A3A42DCB2DC4DCBF0022130E /* Debug */,
				A3A42DCC2DC4DCBF0022130E /* Release */,
			);
			defaultConfigurationIsVisible = 0;
			defaultConfigurationName = Release;
		};
		A3A42DCD2DC4DCBF0022130E /* Build configuration list for PBXNativeTarget "NewsFlashTests" */ = {
			isa = XCConfigurationList;
			buildConfigurations = (
				A3A42DCE2DC4DCBF0022130E /* Debug */,
				A3A42DCF2DC4DCBF0022130E /* Release */,
			);
			defaultConfigurationIsVisible = 0;
			defaultConfigurationName = Release;
		};
		A3A42DD02DC4DCBF0022130E /* Build configuration list for PBXNativeTarget "NewsFlashUITests" */ = {
			isa = XCConfigurationList;
			buildConfigurations = (
				A3A42DD12DC4DCBF0022130E /* Debug */,
				A3A42DD22DC4DCBF0022130E /* Release */,
			);
			defaultConfigurationIsVisible = 0;
			defaultConfigurationName = Release;
		};
/* End XCConfigurationList section */
	};
	rootObject = A3A42DA12DC4DCBE0022130E /* Project object */;
}
